[[package]]
id = 48
name = "spyder-kernels"
version = "0.5.1"
source = "pypi+https://pypi.org/pypi/spyder-kernels/0.5.1/json"
dependencies = ["jupyter-client 5.3.1 pypi+https://pypi.org/pypi/jupyter-client/5.3.1/json", "ipykernel 5.1.2 pypi+https://pypi.org/pypi/ipykernel/5.1.2/json", "wurlitzer 1.0.3 pypi+https://pypi.org/pypi/wurlitzer/1.0.3/json"]

[[package]]
id = 112
name = "cloudpickle"
version = "1.2.2"
source = "pypi+https://pypi.org/pypi/cloudpickle/1.2.2/json"
dependencies = []

[[package]]
id = 52
name = "ipykernel"
version = "5.1.2"
source = "pypi+https://pypi.org/pypi/ipykernel/5.1.2/json"
dependencies = ["ipython 7.8.0 pypi+https://pypi.org/pypi/ipython/7.8.0/json"]

[[package]]
id = 75
name = "sphinxcontrib-jsmath"
version = "1.0.1"
source = "pypi+https://pypi.org/pypi/sphinxcontrib-jsmath/1.0.1/json"
dependencies = []

[[package]]
id = 104
name = "attrs"
version = "19.1.0"
source = "pypi+https://pypi.org/pypi/attrs/19.1.0/json"
dependencies = []

[[package]]
id = 25
name = "jupyter-core"
version = "4.5.0"
source = "pypi+https://pypi.org/pypi/jupyter-core/4.5.0/json"
dependencies = []

[[package]]
id = 68
name = "pytz"
version = "2019.2.0"
source = "pypi+https://pypi.org/pypi/pytz/2019.2.0/json"
dependencies = []

[[package]]
id = 41
name = "setuptools"
version = "41.2.0"
source = "pypi+https://pypi.org/pypi/setuptools/41.2.0/json"
dependencies = []

[[package]]
id = 47
name = "PyQt5"
version = "5.12.3"
source = "pypi+https://pypi.org/pypi/PyQt5/5.12.3/json"
dependencies = ["PyQt5-sip 4.19.18 pypi+https://pypi.org/pypi/PyQt5-sip/4.19.18/json"]

[[package]]
id = 53
name = "numpydoc"
version = "0.9.1"
source = "pypi+https://pypi.org/pypi/numpydoc/0.9.1/json"
dependencies = []

[[package]]
id = 106
name = "mistune"
version = "0.8.4"
source = "pypi+https://pypi.org/pypi/mistune/0.8.4/json"
dependencies = []

[[package]]
id = 58
name = "pyparsing"
version = "2.4.2"
source = "pypi+https://pypi.org/pypi/pyparsing/2.4.2/json"
dependencies = []

[[package]]
id = 110
name = "jedi"
version = "0.15.1"
source = "pypi+https://pypi.org/pypi/jedi/0.15.1/json"
dependencies = ["parso 0.5.1 pypi+https://pypi.org/pypi/parso/0.5.1/json"]

[[package]]
id = 30
name = "backcall"
version = "0.1.0"
source = "pypi+https://pypi.org/pypi/backcall/0.1.0/json"
dependencies = []

[[package]]
id = 96
name = "pandocfilters"
version = "1.4.2"
source = "pypi+https://pypi.org/pypi/pandocfilters/1.4.2/json"
dependencies = []

[[package]]
id = 94
name = "defusedxml"
version = "0.6.0"
source = "pypi+https://pypi.org/pypi/defusedxml/0.6.0/json"
dependencies = []

[[package]]
id = 35
name = "traitlets"
version = "4.3.2"
source = "pypi+https://pypi.org/pypi/traitlets/4.3.2/json"
dependencies = []

[[package]]
id = 57
name = "packaging"
version = "19.1.0"
source = "pypi+https://pypi.org/pypi/packaging/19.1.0/json"
dependencies = ["pyparsing 2.4.2 pypi+https://pypi.org/pypi/pyparsing/2.4.2/json"]

[[package]]
id = 73
name = "sphinxcontrib-serializinghtml"
version = "1.1.3"
source = "pypi+https://pypi.org/pypi/sphinxcontrib-serializinghtml/1.1.3/json"
dependencies = []

[[package]]
id = 70
name = "docutils"
version = "0.15.2"
source = "pypi+https://pypi.org/pypi/docutils/0.15.2/json"
dependencies = []

[[package]]
id = 109
name = "pyflakes"
version = "2.1.1"
source = "pypi+https://pypi.org/pypi/pyflakes/2.1.1/json"
dependencies = []

[[package]]
id = 2
name = "mpmath"
version = "1.1.0"
source = "pypi+https://pypi.org/pypi/mpmath/1.1.0/json"
dependencies = []

[[package]]
id = 44
name = "spyder"
version = "3.3.6"
source = "pypi+https://pypi.org/pypi/spyder/3.3.6/json"
dependencies = ["spyder-kernels 0.5.1 pypi+https://pypi.org/pypi/spyder-kernels/0.5.1/json", "numpydoc 0.9.1 pypi+https://pypi.org/pypi/numpydoc/0.9.1/json", "nbconvert 5.6.0 pypi+https://pypi.org/pypi/nbconvert/5.6.0/json", "pyzmq 18.1.0 pypi+https://pypi.org/pypi/pyzmq/18.1.0/json", "Sphinx 2.2.0 pypi+https://pypi.org/pypi/Sphinx/2.2.0/json", "chardet 3.0.4 pypi+https://pypi.org/pypi/chardet/3.0.4/json", "pylint 2.3.1 pypi+https://pypi.org/pypi/pylint/2.3.1/json", "pyflakes 2.1.1 pypi+https://pypi.org/pypi/pyflakes/2.1.1/json", "qtconsole 4.5.5 pypi+https://pypi.org/pypi/qtconsole/4.5.5/json", "jedi 0.15.1 pypi+https://pypi.org/pypi/jedi/0.15.1/json", "PyQtWebEngine 5.12.1 pypi+https://pypi.org/pypi/PyQtWebEngine/5.12.1/json", "QtAwesome 0.6.0 pypi+https://pypi.org/pypi/QtAwesome/0.6.0/json", "cloudpickle 1.2.2 pypi+https://pypi.org/pypi/cloudpickle/1.2.2/json", "psutil 5.6.3 pypi+https://pypi.org/pypi/psutil/5.6.3/json", "PyQt5 5.12.3 pypi+https://pypi.org/pypi/PyQt5/5.12.3/json", "Pygments 2.4.2 pypi+https://pypi.org/pypi/Pygments/2.4.2/json", "pycodestyle 2.5.0 pypi+https://pypi.org/pypi/pycodestyle/2.5.0/json", "rope 0.14.0 pypi+https://pypi.org/pypi/rope/0.14.0/json"]

[[package]]
id = 33
name = "wcwidth"
version = "0.1.7"
source = "pypi+https://pypi.org/pypi/wcwidth/0.1.7/json"
dependencies = []

[[package]]
id = 95
name = "testpath"
version = "0.4.2"
source = "pypi+https://pypi.org/pypi/testpath/0.4.2/json"
dependencies = []

[[package]]
id = 86
name = "isort"
version = "4.3.21"
source = "pypi+https://pypi.org/pypi/isort/4.3.21/json"
dependencies = []

[[package]]
id = 118
name = "numpy"
version = "1.17.2"
source = "pypi+https://pypi.org/pypi/numpy/1.17.2/json"
dependencies = []

[[package]]
id = 26
name = "ipython_genutils"
version = "0.2.0"
source = "pypi+https://pypi.org/pypi/ipython_genutils/0.2.0/json"
dependencies = []

[[package]]
id = 117
name = "matplotlib"
version = "3.1.1"
source = "pypi+https://pypi.org/pypi/matplotlib/3.1.1/json"
dependencies = ["python-dateutil 2.8.0 pypi+https://pypi.org/pypi/python-dateutil/2.8.0/json", "Cycler 0.10.0 pypi+https://pypi.org/pypi/Cycler/0.10.0/json", "kiwisolver 1.1.0 pypi+https://pypi.org/pypi/kiwisolver/1.1.0/json"]

[[package]]
id = 84
name = "pylint"
version = "2.3.1"
source = "pypi+https://pypi.org/pypi/pylint/2.3.1/json"
dependencies = ["astroid 2.2.5 pypi+https://pypi.org/pypi/astroid/2.2.5/json", "mccabe 0.6.1 pypi+https://pypi.org/pypi/mccabe/0.6.1/json", "isort 4.3.21 pypi+https://pypi.org/pypi/isort/4.3.21/json"]

[[package]]
id = 98
name = "webencodings"
version = "0.5.1"
source = "pypi+https://pypi.org/pypi/webencodings/0.5.1/json"
dependencies = []

[[package]]
id = 50
name = "jupyter-client"
version = "5.3.1"
source = "pypi+https://pypi.org/pypi/jupyter-client/5.3.1/json"
dependencies = ["tornado 6.0.3 pypi+https://pypi.org/pypi/tornado/6.0.3/json"]

[[package]]
id = 23
name = "ipython"
version = "7.8.0"
source = "pypi+https://pypi.org/pypi/ipython/7.8.0/json"
dependencies = ["pickleshare 0.7.5 pypi+https://pypi.org/pypi/pickleshare/0.7.5/json", "pexpect 4.7.0 pypi+https://pypi.org/pypi/pexpect/4.7.0/json", "setuptools 41.2.0 pypi+https://pypi.org/pypi/setuptools/41.2.0/json", "decorator 4.4.0 pypi+https://pypi.org/pypi/decorator/4.4.0/json", "backcall 0.1.0 pypi+https://pypi.org/pypi/backcall/0.1.0/json", "traitlets 4.3.2 pypi+https://pypi.org/pypi/traitlets/4.3.2/json", "prompt_toolkit 2.0.9 pypi+https://pypi.org/pypi/prompt_toolkit/2.0.9/json"]

[[package]]
id = 78
name = "chardet"
version = "3.0.4"
source = "pypi+https://pypi.org/pypi/chardet/3.0.4/json"
dependencies = []

[[package]]
id = 111
name = "rope"
version = "0.14.0"
source = "pypi+https://pypi.org/pypi/rope/0.14.0/json"
dependencies = []

[[package]]
id = 29
name = "ptyprocess"
version = "0.6.0"
source = "pypi+https://pypi.org/pypi/ptyprocess/0.6.0/json"
dependencies = []

[[package]]
id = 97
name = "bleach"
version = "3.1.0"
source = "pypi+https://pypi.org/pypi/bleach/3.1.0/json"
dependencies = ["webencodings 0.5.1 pypi+https://pypi.org/pypi/webencodings/0.5.1/json"]

[[package]]
id = 37
name = "pathlib2"
version = "2.3.4"
source = "pypi+https://pypi.org/pypi/pathlib2/2.3.4/json"
dependencies = []

[[package]]
id = 103
name = "pyrsistent"
version = "0.15.4"
source = "pypi+https://pypi.org/pypi/pyrsistent/0.15.4/json"
dependencies = []

[[package]]
id = 76
name = "sphinxcontrib-devhelp"
version = "1.0.1"
source = "pypi+https://pypi.org/pypi/sphinxcontrib-devhelp/1.0.1/json"
dependencies = []

[[package]]
id = 60
name = "requests"
version = "2.22.0"
source = "pypi+https://pypi.org/pypi/requests/2.22.0/json"
dependencies = ["urllib3 1.25.3 pypi+https://pypi.org/pypi/urllib3/1.25.3/json", "idna 2.8.0 pypi+https://pypi.org/pypi/idna/2.8.0/json", "certifi 2019.6.16 pypi+https://pypi.org/pypi/certifi/2019.6.16/json"]

[[package]]
id = 32
name = "prompt_toolkit"
version = "2.0.9"
source = "pypi+https://pypi.org/pypi/prompt_toolkit/2.0.9/json"
dependencies = ["wcwidth 0.1.7 pypi+https://pypi.org/pypi/wcwidth/0.1.7/json"]

[[package]]
id = 49
name = "wurlitzer"
version = "1.0.3"
source = "pypi+https://pypi.org/pypi/wurlitzer/1.0.3/json"
dependencies = []

[[package]]
id = 40
name = "parso"
version = "0.5.1"
source = "pypi+https://pypi.org/pypi/parso/0.5.1/json"
dependencies = []

[[package]]
id = 83
name = "psutil"
version = "5.6.3"
source = "pypi+https://pypi.org/pypi/psutil/5.6.3/json"
dependencies = []

[[package]]
id = 1
name = "sympy"
version = "1.4.0"
source = "pypi+https://pypi.org/pypi/sympy/1.4.0/json"
dependencies = ["mpmath 1.1.0 pypi+https://pypi.org/pypi/mpmath/1.1.0/json"]

[[package]]
id = 20
name = "tornado"
version = "6.0.3"
source = "pypi+https://pypi.org/pypi/tornado/6.0.3/json"
dependencies = []

[[package]]
id = 114
name = "colorama"
version = "0.4.1"
source = "pypi+https://pypi.org/pypi/colorama/0.4.1/json"
dependencies = []

[[package]]
id = 14
name = "siunits"
version = "0.0.5"
source = "pypi+https://pypi.org/pypi/siunits/0.0.5/json"
dependencies = []

[[package]]
id = 63
name = "idna"
version = "2.8.0"
source = "pypi+https://pypi.org/pypi/idna/2.8.0/json"
dependencies = []

[[package]]
id = 113
name = "scinot"
version = "0.0.6"
source = "pypi+https://pypi.org/pypi/scinot/0.0.6/json"
dependencies = ["colorama 0.4.1 pypi+https://pypi.org/pypi/colorama/0.4.1/json"]

[[package]]
id = 115
name = "scipy"
version = "1.3.1"
source = "pypi+https://pypi.org/pypi/scipy/1.3.1/json"
dependencies = []

[[package]]
id = 79
name = "pyzmq"
version = "18.1.0"
source = "pypi+https://pypi.org/pypi/pyzmq/18.1.0/json"
dependencies = []

[[package]]
id = 3
name = "Fplot"
version = "0.1.1"
source = "pypi+https://pypi.org/pypi/Fplot/0.1.1/json"
dependencies = []

[[package]]
id = 61
name = "certifi"
version = "2019.6.16"
source = "pypi+https://pypi.org/pypi/certifi/2019.6.16/json"
dependencies = []

[[package]]
id = 100
name = "nbformat"
version = "4.4.0"
source = "pypi+https://pypi.org/pypi/nbformat/4.4.0/json"
dependencies = ["jsonschema 3.0.2 pypi+https://pypi.org/pypi/jsonschema/3.0.2/json"]

[[package]]
id = 7
name = "python-dateutil"
version = "2.8.0"
source = "pypi+https://pypi.org/pypi/python-dateutil/2.8.0/json"
dependencies = []

[[package]]
id = 47
name = "PyQt5"
version = "5.12.3"
source = "pypi+https://pypi.org/pypi/PyQt5/5.12.3/json"
dependencies = ["PyQt5-sip 4.19.18 pypi+https://pypi.org/pypi/PyQt5-sip/4.19.18/json"]

[[package]]
id = 89
name = "wrapt"
version = "1.11.2"
source = "pypi+https://pypi.org/pypi/wrapt/1.11.2/json"
dependencies = []

[[package]]
id = 88
name = "typed-ast"
version = "1.4.0"
source = "pypi+https://pypi.org/pypi/typed-ast/1.4.0/json"
dependencies = []

[[package]]
id = 36
name = "pickleshare"
version = "0.7.5"
source = "pypi+https://pypi.org/pypi/pickleshare/0.7.5/json"
dependencies = ["pathlib2 2.3.4 pypi+https://pypi.org/pypi/pathlib2/2.3.4/json"]

[[package]]
id = 101
name = "jsonschema"
version = "3.0.2"
source = "pypi+https://pypi.org/pypi/jsonschema/3.0.2/json"
dependencies = ["pyrsistent 0.15.4 pypi+https://pypi.org/pypi/pyrsistent/0.15.4/json", "six 1.12.0 pypi+https://pypi.org/pypi/six/1.12.0/json", "attrs 19.1.0 pypi+https://pypi.org/pypi/attrs/19.1.0/json"]

[[package]]
id = 72
name = "sphinxcontrib-qthelp"
version = "1.0.2"
source = "pypi+https://pypi.org/pypi/sphinxcontrib-qthelp/1.0.2/json"
dependencies = []

[[package]]
id = 82
name = "QtPy"
version = "1.9.0"
source = "pypi+https://pypi.org/pypi/QtPy/1.9.0/json"
dependencies = []

[[package]]
id = 28
name = "pexpect"
version = "4.7.0"
source = "pypi+https://pypi.org/pypi/pexpect/4.7.0/json"
dependencies = ["ptyprocess 0.6.0 pypi+https://pypi.org/pypi/ptyprocess/0.6.0/json"]

[[package]]
id = 92
name = "Sphinx"
version = "2.2.0"
source = "pypi+https://pypi.org/pypi/Sphinx/2.2.0/json"
dependencies = ["snowballstemmer 1.9.1 pypi+https://pypi.org/pypi/snowballstemmer/1.9.1/json", "sphinxcontrib-htmlhelp 1.0.2 pypi+https://pypi.org/pypi/sphinxcontrib-htmlhelp/1.0.2/json", "packaging 19.1.0 pypi+https://pypi.org/pypi/packaging/19.1.0/json", "sphinxcontrib-serializinghtml 1.1.3 pypi+https://pypi.org/pypi/sphinxcontrib-serializinghtml/1.1.3/json", "sphinxcontrib-jsmath 1.0.1 pypi+https://pypi.org/pypi/sphinxcontrib-jsmath/1.0.1/json", "imagesize 1.1.0 pypi+https://pypi.org/pypi/imagesize/1.1.0/json", "docutils 0.15.2 pypi+https://pypi.org/pypi/docutils/0.15.2/json", "sphinxcontrib-applehelp 1.0.1 pypi+https://pypi.org/pypi/sphinxcontrib-applehelp/1.0.1/json", "requests 2.22.0 pypi+https://pypi.org/pypi/requests/2.22.0/json", "alabaster 0.7.12 pypi+https://pypi.org/pypi/alabaster/0.7.12/json", "Babel 2.7.0 pypi+https://pypi.org/pypi/Babel/2.7.0/json", "sphinxcontrib-qthelp 1.0.2 pypi+https://pypi.org/pypi/sphinxcontrib-qthelp/1.0.2/json", "sphinxcontrib-devhelp 1.0.1 pypi+https://pypi.org/pypi/sphinxcontrib-devhelp/1.0.1/json"]

[[package]]
id = 69
name = "snowballstemmer"
version = "1.9.1"
source = "pypi+https://pypi.org/pypi/snowballstemmer/1.9.1/json"
dependencies = []

[[package]]
id = 105
name = "Jinja2"
version = "2.10.1"
source = "pypi+https://pypi.org/pypi/Jinja2/2.10.1/json"
dependencies = ["MarkupSafe 1.1.1 pypi+https://pypi.org/pypi/MarkupSafe/1.1.1/json"]

[[package]]
id = 74
name = "sphinxcontrib-htmlhelp"
version = "1.0.2"
source = "pypi+https://pypi.org/pypi/sphinxcontrib-htmlhelp/1.0.2/json"
dependencies = []

[[package]]
id = 93
name = "nbconvert"
version = "5.6.0"
source = "pypi+https://pypi.org/pypi/nbconvert/5.6.0/json"
dependencies = ["pandocfilters 1.4.2 pypi+https://pypi.org/pypi/pandocfilters/1.4.2/json", "Jinja2 2.10.1 pypi+https://pypi.org/pypi/Jinja2/2.10.1/json", "defusedxml 0.6.0 pypi+https://pypi.org/pypi/defusedxml/0.6.0/json", "testpath 0.4.2 pypi+https://pypi.org/pypi/testpath/0.4.2/json", "bleach 3.1.0 pypi+https://pypi.org/pypi/bleach/3.1.0/json", "nbformat 4.4.0 pypi+https://pypi.org/pypi/nbformat/4.4.0/json", "mistune 0.8.4 pypi+https://pypi.org/pypi/mistune/0.8.4/json", "entrypoints 0.3.0 pypi+https://pypi.org/pypi/entrypoints/0.3.0/json"]

[[package]]
id = 87
name = "astroid"
version = "2.2.5"
source = "pypi+https://pypi.org/pypi/astroid/2.2.5/json"
dependencies = ["wrapt 1.11.2 pypi+https://pypi.org/pypi/wrapt/1.11.2/json", "lazy-object-proxy 1.4.2 pypi+https://pypi.org/pypi/lazy-object-proxy/1.4.2/json", "typed-ast 1.4.0 pypi+https://pypi.org/pypi/typed-ast/1.4.0/json"]

[[package]]
id = 43
name = "PyQt5-sip"
version = "4.19.18"
source = "pypi+https://pypi.org/pypi/PyQt5-sip/4.19.18/json"
dependencies = []

[[package]]
id = 90
name = "lazy-object-proxy"
version = "1.4.2"
source = "pypi+https://pypi.org/pypi/lazy-object-proxy/1.4.2/json"
dependencies = []

[[package]]
id = 45
name = "PyQtWebEngine"
version = "5.12.1"
source = "pypi+https://pypi.org/pypi/PyQtWebEngine/5.12.1/json"
dependencies = []

[[package]]
id = 12
name = "Cycler"
version = "0.10.0"
source = "pypi+https://pypi.org/pypi/Cycler/0.10.0/json"
dependencies = []

[[package]]
id = 38
name = "decorator"
version = "4.4.0"
source = "pypi+https://pypi.org/pypi/decorator/4.4.0/json"
dependencies = []

[[package]]
id = 65
name = "imagesize"
version = "1.1.0"
source = "pypi+https://pypi.org/pypi/imagesize/1.1.0/json"
dependencies = []

[[package]]
id = 108
name = "Pygments"
version = "2.4.2"
source = "pypi+https://pypi.org/pypi/Pygments/2.4.2/json"
dependencies = []

[[package]]
id = 62
name = "urllib3"
version = "1.25.3"
source = "pypi+https://pypi.org/pypi/urllib3/1.25.3/json"
dependencies = []

[[package]]
id = 66
name = "alabaster"
version = "0.7.12"
source = "pypi+https://pypi.org/pypi/alabaster/0.7.12/json"
dependencies = []

[[package]]
id = 81
name = "QtAwesome"
version = "0.6.0"
source = "pypi+https://pypi.org/pypi/QtAwesome/0.6.0/json"
dependencies = ["QtPy 1.9.0 pypi+https://pypi.org/pypi/QtPy/1.9.0/json"]

[[package]]
id = 85
name = "mccabe"
version = "0.6.1"
source = "pypi+https://pypi.org/pypi/mccabe/0.6.1/json"
dependencies = []

[[package]]
id = 55
name = "MarkupSafe"
version = "1.1.1"
source = "pypi+https://pypi.org/pypi/MarkupSafe/1.1.1/json"
dependencies = []

[[package]]
id = 102
name = "six"
version = "1.12.0"
source = "pypi+https://pypi.org/pypi/six/1.12.0/json"
dependencies = []

[[package]]
id = 67
name = "Babel"
version = "2.7.0"
source = "pypi+https://pypi.org/pypi/Babel/2.7.0/json"
dependencies = ["pytz 2019.2.0 pypi+https://pypi.org/pypi/pytz/2019.2.0/json"]

[[package]]
id = 10
name = "kiwisolver"
version = "1.1.0"
source = "pypi+https://pypi.org/pypi/kiwisolver/1.1.0/json"
dependencies = []

[[package]]
id = 99
name = "entrypoints"
version = "0.3.0"
source = "pypi+https://pypi.org/pypi/entrypoints/0.3.0/json"
dependencies = []

[[package]]
id = 107
name = "qtconsole"
version = "4.5.5"
source = "pypi+https://pypi.org/pypi/qtconsole/4.5.5/json"
dependencies = ["ipython_genutils 0.2.0 pypi+https://pypi.org/pypi/ipython_genutils/0.2.0/json", "jupyter-core 4.5.0 pypi+https://pypi.org/pypi/jupyter-core/4.5.0/json"]

[[package]]
id = 91
name = "pycodestyle"
version = "2.5.0"
source = "pypi+https://pypi.org/pypi/pycodestyle/2.5.0/json"
dependencies = []

[[package]]
id = 77
name = "sphinxcontrib-applehelp"
version = "1.0.1"
source = "pypi+https://pypi.org/pypi/sphinxcontrib-applehelp/1.0.1/json"
dependencies = []

[metadata]
